
Microsoft Visual Studio Solution File, Format Version 12.00
# Visual Studio Version 17
VisualStudioVersion = 17.13.35931.197
MinimumVisualStudioVersion = 10.0.40219.1
Project("{FAE04EC0-301F-11D3-BF4B-00C04F79EFBC}") = "WpfStudyApp05", "WpfStudyApp05\WpfStudyApp05.csproj", "{6C34B249-2F1C-4ABF-876C-BD008BF1930D}"
EndProject
Project("{FAE04EC0-301F-11D3-BF4B-00C04F79EFBC}") = "WpfStudyApp06", "WpfStudyApp06\WpfStudyApp06.csproj", "{58071EEE-3150-461F-B09B-D58A4B32CA28}"
EndProject
Project("{FAE04EC0-301F-11D3-BF4B-00C04F79EFBC}") = "WpfStudyApp07", "WpfStudyApp07\WpfStudyApp07.csproj", "{F7F66408-E22F-46E5-B28D-9D749B002549}"
EndProject
Global
	GlobalSection(SolutionConfigurationPlatforms) = preSolution
		Debug|Any CPU = Debug|Any CPU
		Release|Any CPU = Release|Any CPU
	EndGlobalSection
	GlobalSection(ProjectConfigurationPlatforms) = postSolution
		{6C34B249-2F1C-4ABF-876C-BD008BF1930D}.Debug|Any CPU.ActiveCfg = Debug|Any CPU
		{6C34B249-2F1C-4ABF-876C-BD008BF1930D}.Debug|Any CPU.Build.0 = Debug|Any CPU
		{6C34B249-2F1C-4ABF-876C-BD008BF1930D}.Release|Any CPU.ActiveCfg = Release|Any CPU
		{6C34B249-2F1C-4ABF-876C-BD008BF1930D}.Release|Any CPU.Build.0 = Release|Any CPU
		{58071EEE-3150-461F-B09B-D58A4B32CA28}.Debug|Any CPU.ActiveCfg = Debug|Any CPU
		{58071EEE-3150-461F-B09B-D58A4B32CA28}.Debug|Any CPU.Build.0 = Debug|Any CPU
		{58071EEE-3150-461F-B09B-D58A4B32CA28}.Release|Any CPU.ActiveCfg = Release|Any CPU
		{58071EEE-3150-461F-B09B-D58A4B32CA28}.Release|Any CPU.Build.0 = Release|Any CPU
		{F7F66408-E22F-46E5-B28D-9D749B002549}.Debug|Any CPU.ActiveCfg = Debug|Any CPU
		{F7F66408-E22F-46E5-B28D-9D749B002549}.Debug|Any CPU.Build.0 = Debug|Any CPU
		{F7F66408-E22F-46E5-B28D-9D749B002549}.Release|Any CPU.ActiveCfg = Release|Any CPU
		{F7F66408-E22F-46E5-B28D-9D749B002549}.Release|Any CPU.Build.0 = Release|Any CPU
	EndGlobalSection
	GlobalSection(SolutionProperties) = preSolution
		HideSolutionNode = FALSE
	EndGlobalSection
	GlobalSection(ExtensibilityGlobals) = postSolution
		SolutionGuid = {E6CABA31-B9D8-4EE0-B4D5-8DCCFCE7757E}
	EndGlobalSection
EndGlobal
