
Microsoft Visual Studio Solution File, Format Version 12.00
# Visual Studio Version 17
VisualStudioVersion = 17.13.35931.197 d17.13
MinimumVisualStudioVersion = 10.0.40219.1
Project("{FAE04EC0-301F-11D3-BF4B-00C04F79EFBC}") = "WpfStudyApp01", "WpfStudyApp01\WpfStudyApp01.csproj", "{9B7E8423-84EB-4F4A-944F-9B92B43C574B}"
EndProject
Project("{FAE04EC0-301F-11D3-BF4B-00C04F79EFBC}") = "WpfStudyApp02", "WpfStudyApp02\WpfStudyApp02.csproj", "{2714D5AD-BA06-46F4-A07E-31D4AF4D12CC}"
EndProject
Project("{FAE04EC0-301F-11D3-BF4B-00C04F79EFBC}") = "WpfStudyApp03", "WpfStudyApp03\WpfStudyApp03.csproj", "{2D5D39E1-B6BB-4A3C-9CCB-D431A9CC446F}"
EndProject
Project("{FAE04EC0-301F-11D3-BF4B-00C04F79EFBC}") = "WpfStudyApp04", "WpfStudyApp04\WpfStudyApp04.csproj", "{AA503EC1-483B-4E15-BE0A-22D2E48DA03B}"
EndProject
Project("{FAE04EC0-301F-11D3-BF4B-00C04F79EFBC}") = "WpfStudyApp05", "WpfStudyApp05\WpfStudyApp05.csproj", "{707FFDF2-0082-47E1-9954-96BEEC0D7DB5}"
EndProject
Global
	GlobalSection(SolutionConfigurationPlatforms) = preSolution
		Debug|Any CPU = Debug|Any CPU
		Release|Any CPU = Release|Any CPU
	EndGlobalSection
	GlobalSection(ProjectConfigurationPlatforms) = postSolution
		{9B7E8423-84EB-4F4A-944F-9B92B43C574B}.Debug|Any CPU.ActiveCfg = Debug|Any CPU
		{9B7E8423-84EB-4F4A-944F-9B92B43C574B}.Debug|Any CPU.Build.0 = Debug|Any CPU
		{9B7E8423-84EB-4F4A-944F-9B92B43C574B}.Release|Any CPU.ActiveCfg = Release|Any CPU
		{9B7E8423-84EB-4F4A-944F-9B92B43C574B}.Release|Any CPU.Build.0 = Release|Any CPU
		{2714D5AD-BA06-46F4-A07E-31D4AF4D12CC}.Debug|Any CPU.ActiveCfg = Debug|Any CPU
		{2714D5AD-BA06-46F4-A07E-31D4AF4D12CC}.Debug|Any CPU.Build.0 = Debug|Any CPU
		{2714D5AD-BA06-46F4-A07E-31D4AF4D12CC}.Release|Any CPU.ActiveCfg = Release|Any CPU
		{2714D5AD-BA06-46F4-A07E-31D4AF4D12CC}.Release|Any CPU.Build.0 = Release|Any CPU
		{2D5D39E1-B6BB-4A3C-9CCB-D431A9CC446F}.Debug|Any CPU.ActiveCfg = Debug|Any CPU
		{2D5D39E1-B6BB-4A3C-9CCB-D431A9CC446F}.Debug|Any CPU.Build.0 = Debug|Any CPU
		{2D5D39E1-B6BB-4A3C-9CCB-D431A9CC446F}.Release|Any CPU.ActiveCfg = Release|Any CPU
		{2D5D39E1-B6BB-4A3C-9CCB-D431A9CC446F}.Release|Any CPU.Build.0 = Release|Any CPU
		{AA503EC1-483B-4E15-BE0A-22D2E48DA03B}.Debug|Any CPU.ActiveCfg = Debug|Any CPU
		{AA503EC1-483B-4E15-BE0A-22D2E48DA03B}.Debug|Any CPU.Build.0 = Debug|Any CPU
		{AA503EC1-483B-4E15-BE0A-22D2E48DA03B}.Release|Any CPU.ActiveCfg = Release|Any CPU
		{AA503EC1-483B-4E15-BE0A-22D2E48DA03B}.Release|Any CPU.Build.0 = Release|Any CPU
		{707FFDF2-0082-47E1-9954-96BEEC0D7DB5}.Debug|Any CPU.ActiveCfg = Debug|Any CPU
		{707FFDF2-0082-47E1-9954-96BEEC0D7DB5}.Debug|Any CPU.Build.0 = Debug|Any CPU
		{707FFDF2-0082-47E1-9954-96BEEC0D7DB5}.Release|Any CPU.ActiveCfg = Release|Any CPU
		{707FFDF2-0082-47E1-9954-96BEEC0D7DB5}.Release|Any CPU.Build.0 = Release|Any CPU
	EndGlobalSection
	GlobalSection(SolutionProperties) = preSolution
		HideSolutionNode = FALSE
	EndGlobalSection
	GlobalSection(ExtensibilityGlobals) = postSolution
		SolutionGuid = {E65BFAD2-D139-4D61-A748-C44485ECB11B}
	EndGlobalSection
EndGlobal
