
Microsoft Visual Studio Solution File, Format Version 12.00
# Visual Studio Version 17
VisualStudioVersion = 17.13.35931.197 d17.13
MinimumVisualStudioVersion = 10.0.40219.1
Project("{FAE04EC0-301F-11D3-BF4B-00C04F79EFBC}") = "SyntaxWinApp01", "SyntaxWinApp01\SyntaxWinApp01.csproj", "{5A910472-9A32-4278-BAEE-79DBD8397475}"
EndProject
Project("{FAE04EC0-301F-11D3-BF4B-00C04F79EFBC}") = "SyntaxWinApp02", "SyntaxWinApp02\SyntaxWinApp02.csproj", "{34394377-4A7F-4B20-9EB6-B4290B2BBDA0}"
EndProject
Global
	GlobalSection(SolutionConfigurationPlatforms) = preSolution
		Debug|Any CPU = Debug|Any CPU
		Release|Any CPU = Release|Any CPU
	EndGlobalSection
	GlobalSection(ProjectConfigurationPlatforms) = postSolution
		{5A910472-9A32-4278-BAEE-79DBD8397475}.Debug|Any CPU.ActiveCfg = Debug|Any CPU
		{5A910472-9A32-4278-BAEE-79DBD8397475}.Debug|Any CPU.Build.0 = Debug|Any CPU
		{5A910472-9A32-4278-BAEE-79DBD8397475}.Release|Any CPU.ActiveCfg = Release|Any CPU
		{5A910472-9A32-4278-BAEE-79DBD8397475}.Release|Any CPU.Build.0 = Release|Any CPU
		{34394377-4A7F-4B20-9EB6-B4290B2BBDA0}.Debug|Any CPU.ActiveCfg = Debug|Any CPU
		{34394377-4A7F-4B20-9EB6-B4290B2BBDA0}.Debug|Any CPU.Build.0 = Debug|Any CPU
		{34394377-4A7F-4B20-9EB6-B4290B2BBDA0}.Release|Any CPU.ActiveCfg = Release|Any CPU
		{34394377-4A7F-4B20-9EB6-B4290B2BBDA0}.Release|Any CPU.Build.0 = Release|Any CPU
	EndGlobalSection
	GlobalSection(SolutionProperties) = preSolution
		HideSolutionNode = FALSE
	EndGlobalSection
	GlobalSection(ExtensibilityGlobals) = postSolution
		SolutionGuid = {D7D1C61E-2EA0-46C1-8336-4297D2344542}
	EndGlobalSection
EndGlobal
